<Solution>
  <Folder Name="/docs/">
    <File Path="README.md" />
  </Folder>
  <Project Path="LbForsikring.AppHost/LbForsikring.AppHost.csproj" />
  <Project Path="LbForsikring.ServiceDefaults/LbForsikring.ServiceDefaults.csproj" />
  <Project Path="LbForsikring/LbForsikring.csproj" />
  <Project Path="LbForsikring.Tests/LbForsikring.Tests.csproj" />
</Solution>
